
Microsoft Visual Studio Solution File, Format Version 12.00
# Visual Studio Version 16
VisualStudioVersion = 16.0.30907.101
MinimumVisualStudioVersion = 10.0.40219.1
Project("{FAE04EC0-301F-11D3-BF4B-00C04F79EFBC}") = "RenameFilesInAllSubs", "RenameFilesInAllSubs.csproj", "{0E8F999A-5057-42F4-A8BB-F4A0C026716D}"
EndProject
Global
	GlobalSection(SolutionConfigurationPlatforms) = preSolution
		Debug|Any CPU = Debug|Any CPU
		Release|Any CPU = Release|Any CPU
	EndGlobalSection
	GlobalSection(ProjectConfigurationPlatforms) = postSolution
		{0E8F999A-5057-42F4-A8BB-F4A0C026716D}.Debug|Any CPU.ActiveCfg = Debug|Any CPU
		{0E8F999A-5057-42F4-A8BB-F4A0C026716D}.Debug|Any CPU.Build.0 = Debug|Any CPU
		{0E8F999A-5057-42F4-A8BB-F4A0C026716D}.Release|Any CPU.ActiveCfg = Release|Any CPU
		{0E8F999A-5057-42F4-A8BB-F4A0C026716D}.Release|Any CPU.Build.0 = Release|Any CPU
	EndGlobalSection
	GlobalSection(SolutionProperties) = preSolution
		HideSolutionNode = FALSE
	EndGlobalSection
	GlobalSection(ExtensibilityGlobals) = postSolution
		SolutionGuid = {6CC1848B-6FA3-4038-903E-12C62EC8F314}
	EndGlobalSection
EndGlobal
